{
    "name": "@productize/admin-dashboard",
    "version": "0.0.1",
    "lockfileVersion": 3,
    "requires": true,
    "packages": {
        "": {
            "name": "@productize/admin-dashboard",
            "version": "0.0.1",
            "dependencies": {
                "@productize/admin-dashboard": "file:"
            }
        },
        "node_modules/@productize/admin-dashboard": {
            "resolved": "",
            "link": true
        }
    }
}
